{
  "nodes": {
    "dottyp": {
      "inputs": {
        "nixpkgs": [
          "nixpkgs"
        ]
      },
      "locked": {
        "lastModified": 1786547531,
        "narHash": "sha256-WjnGR1jsOHKfi0H5OjEmRPKZZDCxgemLTgpfzS7Y5nY=",
        "owner": "luiswirth",
        "repo": "dottyp",
        "rev": "08d1e28a327079845dcaf2ae638b99e1cc89e2fe",
        "type": "github"
      },
      "original": {
        "owner": "luiswirth",
        "repo": "dottyp",
        "type": "github"
      }
    },
    "nixpkgs": {
      "locked": {
        "lastModified": 1786106723,
        "narHash": "sha256-zDSUbpoeo/9ZmD2+wXnzxoo1+uhL8vxc0b8yuYMKYq0=",
        "owner": "NixOS",
        "repo": "nixpkgs",
        "rev": "f13ff45afd1bb73e640eaa08a7066dbed07e3238",
        "type": "github"
      },
      "original": {
        "owner": "NixOS",
        "ref": "nixos-unstable",
        "repo": "nixpkgs",
        "type": "github"
      }
    },
    "root": {
      "inputs": {
        "dottyp": "dottyp",
        "nixpkgs": "nixpkgs"
      }
    }
  },
  "root": "root",
  "version": 7
}
